# -------------------------------------------------------------------------- #
#
# Copyright (C) 2020  Intel Corporation. All rights reserved.
# Your use of Intel Corporation's design tools, logic functions 
# and other software and tools, and any partner logic 
# functions, and any output files from any of the foregoing 
# (including device programming or simulation files), and any 
# associated documentation or information are expressly subject 
# to the terms and conditions of the Intel Program License 
# Subscription Agreement, the Intel Quartus Prime License Agreement,
# the Intel FPGA IP License Agreement, or other applicable license
# agreement, including, without limitation, that your use is for
# the sole purpose of programming logic devices manufactured by
# Intel and sold by Intel or its authorized distributors.  Please
# refer to the applicable agreement for further details, at
# https://fpgasoftware.intel.com/eula.
#
# -------------------------------------------------------------------------- #
#
# Quartus Prime
# Version 20.1.1 Build 720 11/11/2020 SJ Standard Edition
# Date created = 23:40:36  February 17, 2025
#
# -------------------------------------------------------------------------- #
#
# Notes:
#
# 1) The default values for assignments are stored in the file:
#		Omdazz_Cyclon_IV_RZ401_top_assignment_defaults.qdf
#    If this file doesn't exist, see file:
#		assignment_defaults.qdf
#
# 2) Altera recommends that you do not modify this file. This
#    file is updated automatically by the Quartus Prime software
#    and any changes you make may be lost or overwritten.
#
# -------------------------------------------------------------------------- #


set_global_assignment -name FAMILY "Cyclone IV E"
set_global_assignment -name DEVICE EP4CE10E22C8
set_global_assignment -name TOP_LEVEL_ENTITY Omdazz_Cyclon_IV_RZ401_top
set_global_assignment -name ORIGINAL_QUARTUS_VERSION 20.1.1
set_global_assignment -name PROJECT_CREATION_TIME_DATE "23:40:36  FEBRUARY 17, 2025"
set_global_assignment -name LAST_QUARTUS_VERSION "20.1.1 Standard Edition"
set_global_assignment -name PROJECT_OUTPUT_DIRECTORY output_files
set_global_assignment -name MIN_CORE_JUNCTION_TEMP 0
set_global_assignment -name MAX_CORE_JUNCTION_TEMP 85
set_global_assignment -name ERROR_CHECK_FREQUENCY_DIVISOR 1
set_global_assignment -name NOMINAL_CORE_SUPPLY_VOLTAGE 1.2V
set_global_assignment -name PARTITION_NETLIST_TYPE SOURCE -section_id Top
set_global_assignment -name PARTITION_FITTER_PRESERVATION_LEVEL PLACEMENT_AND_ROUTING -section_id Top
set_global_assignment -name PARTITION_COLOR 16764057 -section_id Top
set_location_assignment PIN_133 -to DIG_1
set_instance_assignment -name IO_STANDARD "3.3-V LVCMOS" -to DIG_1
set_instance_assignment -name IO_STANDARD "3.3-V LVCMOS" -to beep
set_instance_assignment -name IO_STANDARD "3.3-V LVCMOS" -to VGA_VSYNC
set_instance_assignment -name IO_STANDARD "3.3-V LVCMOS" -to VGA_R
set_instance_assignment -name IO_STANDARD "3.3-V LVCMOS" -to VGA_HSYNC
set_instance_assignment -name IO_STANDARD "3.3-V LVCMOS" -to VGA_G
set_instance_assignment -name IO_STANDARD "3.3-V LVCMOS" -to VGA_B
set_instance_assignment -name IO_STANDARD "3.3-V LVCMOS" -to UART_TXD
set_instance_assignment -name IO_STANDARD "3.3-V LVCMOS" -to UART_RXD
set_instance_assignment -name IO_STANDARD "3.3-V LVCMOS" -to S_DQ15
set_instance_assignment -name IO_STANDARD "3.3-V LVCMOS" -to S_DQ14
set_instance_assignment -name IO_STANDARD "3.3-V LVCMOS" -to S_DQ13
set_instance_assignment -name IO_STANDARD "3.3-V LVCMOS" -to S_DQ12
set_instance_assignment -name IO_STANDARD "3.3-V LVCMOS" -to S_DQ11
set_instance_assignment -name IO_STANDARD "3.3-V LVCMOS" -to S_DQ10
set_instance_assignment -name IO_STANDARD "3.3-V LVCMOS" -to S_DQ9
set_instance_assignment -name IO_STANDARD "3.3-V LVCMOS" -to S_DQ8
set_instance_assignment -name IO_STANDARD "3.3-V LVCMOS" -to S_DQ7
set_instance_assignment -name IO_STANDARD "3.3-V LVCMOS" -to S_DQ6
set_instance_assignment -name IO_STANDARD "3.3-V LVCMOS" -to S_DQ5
set_instance_assignment -name IO_STANDARD "3.3-V LVCMOS" -to S_DQ4
set_instance_assignment -name IO_STANDARD "3.3-V LVCMOS" -to S_DQ3
set_instance_assignment -name IO_STANDARD "3.3-V LVCMOS" -to S_DQ2
set_instance_assignment -name IO_STANDARD "3.3-V LVCMOS" -to S_DQ1
set_instance_assignment -name IO_STANDARD "3.3-V LVCMOS" -to S_DQ0
set_instance_assignment -name IO_STANDARD "3.3-V LVCMOS" -to S_A11
set_instance_assignment -name IO_STANDARD "3.3-V LVCMOS" -to S_A10
set_instance_assignment -name IO_STANDARD "3.3-V LVCMOS" -to S_A9
set_instance_assignment -name IO_STANDARD "3.3-V LVCMOS" -to S_A8
set_instance_assignment -name IO_STANDARD "3.3-V LVCMOS" -to S_A7
set_instance_assignment -name IO_STANDARD "3.3-V LVCMOS" -to S_A6
set_instance_assignment -name IO_STANDARD "3.3-V LVCMOS" -to S_A5
set_instance_assignment -name IO_STANDARD "3.3-V LVCMOS" -to S_A4
set_instance_assignment -name IO_STANDARD "3.3-V LVCMOS" -to S_A3
set_instance_assignment -name IO_STANDARD "3.3-V LVCMOS" -to S_A2
set_instance_assignment -name IO_STANDARD "3.3-V LVCMOS" -to S_A1
set_instance_assignment -name IO_STANDARD "3.3-V LVCMOS" -to S_A0
set_instance_assignment -name IO_STANDARD "3.3-V LVCMOS" -to SEG_7
set_instance_assignment -name IO_STANDARD "3.3-V LVCMOS" -to SEG_6
set_instance_assignment -name IO_STANDARD "3.3-V LVCMOS" -to SEG_5
set_instance_assignment -name IO_STANDARD "3.3-V LVCMOS" -to SEG_4
set_instance_assignment -name IO_STANDARD "3.3-V LVCMOS" -to SEG_3
set_instance_assignment -name IO_STANDARD "3.3-V LVCMOS" -to SEG_2
set_instance_assignment -name IO_STANDARD "3.3-V LVCMOS" -to SEG_1
set_instance_assignment -name IO_STANDARD "3.3-V LVCMOS" -to SEG_0
set_instance_assignment -name IO_STANDARD "3.3-V LVCMOS" -to SD_WE
set_instance_assignment -name IO_STANDARD "3.3-V LVCMOS" -to SD_UDQM
set_instance_assignment -name IO_STANDARD "3.3-V LVCMOS" -to SD_RAS
set_instance_assignment -name IO_STANDARD "3.3-V LVCMOS" -to SD_LDQM
set_instance_assignment -name IO_STANDARD "3.3-V LVCMOS" -to SD_CS
set_instance_assignment -name IO_STANDARD "3.3-V LVCMOS" -to SD_CLK
set_instance_assignment -name IO_STANDARD "3.3-V LVCMOS" -to SD_CKE
set_instance_assignment -name IO_STANDARD "3.3-V LVCMOS" -to SD_CAS
set_instance_assignment -name IO_STANDARD "3.3-V LVCMOS" -to SD_BS1
set_instance_assignment -name IO_STANDARD "3.3-V LVCMOS" -to SD_BS0
set_instance_assignment -name IO_STANDARD "3.3-V LVCMOS" -to SDA
set_instance_assignment -name IO_STANDARD "3.3-V LVCMOS" -to SCL
set_instance_assignment -name IO_STANDARD "3.3-V LVCMOS" -to RESET_BUT
set_instance_assignment -name IO_STANDARD "3.3-V LVCMOS" -to PS_DATA
set_instance_assignment -name IO_STANDARD "3.3-V LVCMOS" -to PS_CLOCK
set_instance_assignment -name IO_STANDARD "3.3-V LVCMOS" -to LED4
set_instance_assignment -name IO_STANDARD "3.3-V LVCMOS" -to LED3
set_instance_assignment -name IO_STANDARD "3.3-V LVCMOS" -to LED2
set_instance_assignment -name IO_STANDARD "3.3-V LVCMOS" -to LED1
set_instance_assignment -name IO_STANDARD "3.3-V LVCMOS" -to LCD11_D7
set_instance_assignment -name IO_STANDARD "3.3-V LVCMOS" -to LCD10_D6
set_instance_assignment -name IO_STANDARD "3.3-V LVCMOS" -to LCD9_D5
set_instance_assignment -name IO_STANDARD "3.3-V LVCMOS" -to LCD8_D4
set_instance_assignment -name IO_STANDARD "3.3-V LVCMOS" -to LCD7_D3
set_instance_assignment -name IO_STANDARD "3.3-V LVCMOS" -to LCD6_D2
set_instance_assignment -name IO_STANDARD "3.3-V LVCMOS" -to LCD5_D1
set_instance_assignment -name IO_STANDARD "3.3-V LVCMOS" -to LCD4_D0
set_instance_assignment -name IO_STANDARD "3.3-V LVCMOS" -to LCD3_E
set_instance_assignment -name IO_STANDARD "3.3-V LVCMOS" -to LCD2_RW
set_instance_assignment -name IO_STANDARD "3.3-V LVCMOS" -to LCD1_RS
set_instance_assignment -name IO_STANDARD "3.3-V LVCMOS" -to KEY4
set_instance_assignment -name IO_STANDARD "3.3-V LVCMOS" -to KEY3
set_instance_assignment -name IO_STANDARD "3.3-V LVCMOS" -to KEY2
set_instance_assignment -name IO_STANDARD "3.3-V LVCMOS" -to KEY1
set_instance_assignment -name IO_STANDARD "3.3-V LVCMOS" -to IR
set_instance_assignment -name IO_STANDARD "3.3-V LVCMOS" -to I2C_SDA
set_instance_assignment -name IO_STANDARD "3.3-V LVCMOS" -to I2C_SCL
set_instance_assignment -name IO_STANDARD "3.3-V LVCMOS" -to FPGA_CLK
set_instance_assignment -name IO_STANDARD "3.3-V LVCMOS" -to DIG_3
set_instance_assignment -name IO_STANDARD "3.3-V LVCMOS" -to DIG_2
set_instance_assignment -name IO_STANDARD "3.3-V LVCMOS" -to DIG_4
set_location_assignment PIN_135 -to DIG_2
set_location_assignment PIN_136 -to DIG_3
set_location_assignment PIN_137 -to DIG_4
set_location_assignment PIN_23 -to FPGA_CLK
set_location_assignment PIN_99 -to I2C_SCL
set_location_assignment PIN_98 -to I2C_SDA
set_location_assignment PIN_100 -to IR
set_location_assignment PIN_88 -to KEY1
set_location_assignment PIN_89 -to KEY2
set_location_assignment PIN_90 -to KEY3
set_location_assignment PIN_91 -to KEY4
set_location_assignment PIN_110 -to beep
set_global_assignment -name ENABLE_SIGNALTAP ON
set_global_assignment -name USE_SIGNALTAP_FILE stp2.stp
set_global_assignment -name POWER_PRESET_COOLING_SOLUTION "23 MM HEAT SINK WITH 200 LFPM AIRFLOW"
set_global_assignment -name POWER_BOARD_THERMAL_MODEL "NONE (CONSERVATIVE)"
set_global_assignment -name VERILOG_FILE src/module_select_number_of_notes_driver.v
set_global_assignment -name VERILOG_FILE src/module_sevenseg_dynamic_ctrl.v
set_global_assignment -name VERILOG_FILE src/module_sevenseg_ctrl.v
set_global_assignment -name VERILOG_FILE src/module_sensivity_key.v
set_global_assignment -name VERILOG_FILE src/module_key_ctrl.v
set_global_assignment -name VERILOG_FILE src/module_invert_ctrl.v
set_global_assignment -name VERILOG_FILE src/module_count1_4bit_ctrl.v
set_global_assignment -name VERILOG_FILE src/module_count_3sec_ctrl.v
set_global_assignment -name VERILOG_FILE src/module_buzzer_ctrl.v
set_global_assignment -name VERILOG_FILE Omdazz_Cyclon_IV_RZ401_top.v
set_global_assignment -name SLD_NODE_CREATOR_ID 110 -section_id auto_signaltap_0
set_global_assignment -name SLD_NODE_ENTITY_NAME sld_signaltap -section_id auto_signaltap_0
set_global_assignment -name SLD_NODE_PARAMETER_ASSIGNMENT "SLD_RAM_BLOCK_TYPE=AUTO" -section_id auto_signaltap_0
set_global_assignment -name SLD_NODE_PARAMETER_ASSIGNMENT "SLD_NODE_INFO=805334528" -section_id auto_signaltap_0
set_global_assignment -name SLD_NODE_PARAMETER_ASSIGNMENT "SLD_POWER_UP_TRIGGER=0" -section_id auto_signaltap_0
set_global_assignment -name SLD_NODE_PARAMETER_ASSIGNMENT "SLD_STORAGE_QUALIFIER_INVERSION_MASK_LENGTH=0" -section_id auto_signaltap_0
set_global_assignment -name SLD_NODE_PARAMETER_ASSIGNMENT "SLD_ATTRIBUTE_MEM_MODE=OFF" -section_id auto_signaltap_0
set_global_assignment -name SLD_NODE_PARAMETER_ASSIGNMENT "SLD_STATE_FLOW_USE_GENERATED=0" -section_id auto_signaltap_0
set_global_assignment -name SLD_NODE_PARAMETER_ASSIGNMENT "SLD_STATE_BITS=11" -section_id auto_signaltap_0
set_global_assignment -name SLD_NODE_PARAMETER_ASSIGNMENT "SLD_BUFFER_FULL_STOP=1" -section_id auto_signaltap_0
set_global_assignment -name SLD_NODE_PARAMETER_ASSIGNMENT "SLD_CURRENT_RESOURCE_WIDTH=1" -section_id auto_signaltap_0
set_global_assignment -name SLD_NODE_PARAMETER_ASSIGNMENT "SLD_INCREMENTAL_ROUTING=1" -section_id auto_signaltap_0
set_instance_assignment -name POST_FIT_CONNECT_TO_SLD_NODE_ENTITY_PORT crc[21] -to auto_signaltap_0|vcc -section_id auto_signaltap_0
set_instance_assignment -name POST_FIT_CONNECT_TO_SLD_NODE_ENTITY_PORT crc[28] -to auto_signaltap_0|vcc -section_id auto_signaltap_0
set_global_assignment -name SLD_NODE_PARAMETER_ASSIGNMENT "SLD_TRIGGER_LEVEL=1" -section_id auto_signaltap_0
set_global_assignment -name SLD_NODE_PARAMETER_ASSIGNMENT "SLD_TRIGGER_IN_ENABLED=0" -section_id auto_signaltap_0
set_global_assignment -name SLD_NODE_PARAMETER_ASSIGNMENT "SLD_TRIGGER_PIPELINE=0" -section_id auto_signaltap_0
set_global_assignment -name SLD_NODE_PARAMETER_ASSIGNMENT "SLD_COUNTER_PIPELINE=0" -section_id auto_signaltap_0
set_global_assignment -name SLD_NODE_PARAMETER_ASSIGNMENT "SLD_TRIGGER_LEVEL_PIPELINE=1" -section_id auto_signaltap_0
set_instance_assignment -name CONNECT_TO_SLD_NODE_ENTITY_PORT acq_clk -to FPGA_CLK -section_id auto_signaltap_0
set_instance_assignment -name POST_FIT_CONNECT_TO_SLD_NODE_ENTITY_PORT crc[1] -to auto_signaltap_0|vcc -section_id auto_signaltap_0
set_instance_assignment -name POST_FIT_CONNECT_TO_SLD_NODE_ENTITY_PORT crc[5] -to auto_signaltap_0|gnd -section_id auto_signaltap_0
set_instance_assignment -name POST_FIT_CONNECT_TO_SLD_NODE_ENTITY_PORT crc[18] -to auto_signaltap_0|vcc -section_id auto_signaltap_0
set_instance_assignment -name POST_FIT_CONNECT_TO_SLD_NODE_ENTITY_PORT crc[4] -to auto_signaltap_0|gnd -section_id auto_signaltap_0
set_instance_assignment -name POST_FIT_CONNECT_TO_SLD_NODE_ENTITY_PORT crc[7] -to auto_signaltap_0|vcc -section_id auto_signaltap_0
set_instance_assignment -name POST_FIT_CONNECT_TO_SLD_NODE_ENTITY_PORT crc[9] -to auto_signaltap_0|gnd -section_id auto_signaltap_0
set_instance_assignment -name POST_FIT_CONNECT_TO_SLD_NODE_ENTITY_PORT crc[19] -to auto_signaltap_0|gnd -section_id auto_signaltap_0
set_instance_assignment -name POST_FIT_CONNECT_TO_SLD_NODE_ENTITY_PORT crc[20] -to auto_signaltap_0|gnd -section_id auto_signaltap_0
set_instance_assignment -name POST_FIT_CONNECT_TO_SLD_NODE_ENTITY_PORT crc[23] -to auto_signaltap_0|gnd -section_id auto_signaltap_0
set_instance_assignment -name POST_FIT_CONNECT_TO_SLD_NODE_ENTITY_PORT crc[24] -to auto_signaltap_0|gnd -section_id auto_signaltap_0
set_instance_assignment -name POST_FIT_CONNECT_TO_SLD_NODE_ENTITY_PORT crc[25] -to auto_signaltap_0|gnd -section_id auto_signaltap_0
set_instance_assignment -name POST_FIT_CONNECT_TO_SLD_NODE_ENTITY_PORT crc[26] -to auto_signaltap_0|gnd -section_id auto_signaltap_0
set_global_assignment -name SLD_NODE_PARAMETER_ASSIGNMENT "SLD_ADVANCED_TRIGGER_ENTITY=basic,1," -section_id auto_signaltap_0
set_global_assignment -name SLD_NODE_PARAMETER_ASSIGNMENT "SLD_ENABLE_ADVANCED_TRIGGER=0" -section_id auto_signaltap_0
set_instance_assignment -name POST_FIT_CONNECT_TO_SLD_NODE_ENTITY_PORT crc[8] -to auto_signaltap_0|gnd -section_id auto_signaltap_0
set_instance_assignment -name POST_FIT_CONNECT_TO_SLD_NODE_ENTITY_PORT crc[11] -to auto_signaltap_0|gnd -section_id auto_signaltap_0
set_instance_assignment -name POST_FIT_CONNECT_TO_SLD_NODE_ENTITY_PORT crc[13] -to auto_signaltap_0|gnd -section_id auto_signaltap_0
set_instance_assignment -name POST_FIT_CONNECT_TO_SLD_NODE_ENTITY_PORT crc[17] -to auto_signaltap_0|gnd -section_id auto_signaltap_0
set_instance_assignment -name POST_FIT_CONNECT_TO_SLD_NODE_ENTITY_PORT crc[22] -to auto_signaltap_0|gnd -section_id auto_signaltap_0
set_instance_assignment -name POST_FIT_CONNECT_TO_SLD_NODE_ENTITY_PORT crc[30] -to auto_signaltap_0|gnd -section_id auto_signaltap_0
set_instance_assignment -name POST_FIT_CONNECT_TO_SLD_NODE_ENTITY_PORT crc[31] -to auto_signaltap_0|vcc -section_id auto_signaltap_0
set_instance_assignment -name CONNECT_TO_SLD_NODE_ENTITY_PORT acq_trigger_in[0] -to "select_number_of_notes_driver:number_of_notes_inst|i_global_en" -section_id auto_signaltap_0
set_instance_assignment -name CONNECT_TO_SLD_NODE_ENTITY_PORT acq_data_in[0] -to "select_number_of_notes_driver:number_of_notes_inst|i_global_en" -section_id auto_signaltap_0
set_instance_assignment -name CONNECT_TO_SLD_NODE_ENTITY_PORT acq_data_in[1] -to "select_number_of_notes_driver:number_of_notes_inst|state" -section_id auto_signaltap_0
set_global_assignment -name SLD_NODE_PARAMETER_ASSIGNMENT "SLD_DATA_BITS=2" -section_id auto_signaltap_0
set_global_assignment -name SLD_NODE_PARAMETER_ASSIGNMENT "SLD_TRIGGER_BITS=1" -section_id auto_signaltap_0
set_global_assignment -name SLD_NODE_PARAMETER_ASSIGNMENT "SLD_STORAGE_QUALIFIER_BITS=2" -section_id auto_signaltap_0
set_global_assignment -name SLD_NODE_PARAMETER_ASSIGNMENT "SLD_INVERSION_MASK=0000000000000000000000000000000000" -section_id auto_signaltap_0
set_global_assignment -name SLD_NODE_PARAMETER_ASSIGNMENT "SLD_INVERSION_MASK_LENGTH=34" -section_id auto_signaltap_0
set_global_assignment -name SLD_NODE_PARAMETER_ASSIGNMENT "SLD_SEGMENT_SIZE=131072" -section_id auto_signaltap_0
set_instance_assignment -name POST_FIT_CONNECT_TO_SLD_NODE_ENTITY_PORT crc[0] -to auto_signaltap_0|vcc -section_id auto_signaltap_0
set_instance_assignment -name POST_FIT_CONNECT_TO_SLD_NODE_ENTITY_PORT crc[2] -to auto_signaltap_0|vcc -section_id auto_signaltap_0
set_instance_assignment -name POST_FIT_CONNECT_TO_SLD_NODE_ENTITY_PORT crc[3] -to auto_signaltap_0|vcc -section_id auto_signaltap_0
set_instance_assignment -name POST_FIT_CONNECT_TO_SLD_NODE_ENTITY_PORT crc[6] -to auto_signaltap_0|vcc -section_id auto_signaltap_0
set_instance_assignment -name POST_FIT_CONNECT_TO_SLD_NODE_ENTITY_PORT crc[10] -to auto_signaltap_0|gnd -section_id auto_signaltap_0
set_instance_assignment -name POST_FIT_CONNECT_TO_SLD_NODE_ENTITY_PORT crc[12] -to auto_signaltap_0|vcc -section_id auto_signaltap_0
set_instance_assignment -name POST_FIT_CONNECT_TO_SLD_NODE_ENTITY_PORT crc[14] -to auto_signaltap_0|gnd -section_id auto_signaltap_0
set_instance_assignment -name POST_FIT_CONNECT_TO_SLD_NODE_ENTITY_PORT crc[15] -to auto_signaltap_0|gnd -section_id auto_signaltap_0
set_instance_assignment -name POST_FIT_CONNECT_TO_SLD_NODE_ENTITY_PORT crc[16] -to auto_signaltap_0|vcc -section_id auto_signaltap_0
set_instance_assignment -name POST_FIT_CONNECT_TO_SLD_NODE_ENTITY_PORT crc[27] -to auto_signaltap_0|vcc -section_id auto_signaltap_0
set_instance_assignment -name POST_FIT_CONNECT_TO_SLD_NODE_ENTITY_PORT crc[29] -to auto_signaltap_0|gnd -section_id auto_signaltap_0
set_global_assignment -name SLD_NODE_PARAMETER_ASSIGNMENT "SLD_SAMPLE_DEPTH=131072" -section_id auto_signaltap_0
set_global_assignment -name SLD_NODE_PARAMETER_ASSIGNMENT "SLD_RAM_PIPELINE=1" -section_id auto_signaltap_0
set_instance_assignment -name PARTITION_HIERARCHY root_partition -to | -section_id Top
set_global_assignment -name SLD_FILE db/stp2_auto_stripped.stp